
Microsoft Visual Studio Solution File, Format Version 12.00
# Visual Studio 15
VisualStudioVersion = 15.0.25807.0
MinimumVisualStudioVersion = 10.0.40219.1
Project("{2150E333-8FDC-42A3-9474-1A3956D46DE8}") = "Engine", "Engine", "{06BC54A0-2608-4873-BCD3-EBFF2D7F4FF3}"
EndProject
Project("{2150E333-8FDC-42A3-9474-1A3956D46DE8}") = "Games", "Games", "{89A75EEC-85FC-48AF-B43B-9659DA771236}"
EndProject
Project("{8BC9CEB8-8B4A-11D0-8D11-00A0C91BC942}") = "UE4", "Intermediate\ProjectFiles\UE4.vcxproj", "{1E644471-3910-443E-BA9E-6ABB98DB8EE2}"
EndProject
Project("{8BC9CEB8-8B4A-11D0-8D11-00A0C91BC942}") = "BuildingEscape", "Intermediate\ProjectFiles\BuildingEscape.vcxproj", "{8B053F41-130A-4F44-9AF0-0132CEE13A51}"
EndProject
Project("{2150E333-8FDC-42A3-9474-1A3956D46DE8}") = "Visualizers", "Visualizers", "{776EBA50-4A11-45AA-8C75-1ACB660BE3A6}"
	ProjectSection(SolutionItems) = preProject
		..\..\..\..\..\..\Program Files\Epic Games\UE_4.21\Engine\Extras\VisualStudioDebugging\UE4.natvis = ..\..\..\..\..\..\Program Files\Epic Games\UE_4.21\Engine\Extras\VisualStudioDebugging\UE4.natvis
	EndProjectSection
EndProject
Global
	GlobalSection(SolutionConfigurationPlatforms) = preSolution
		DebugGame Editor|HTML5 = DebugGame Editor|HTML5
		DebugGame Editor|Win32 = DebugGame Editor|Win32
		DebugGame Editor|Win64 = DebugGame Editor|Win64
		DebugGame|HTML5 = DebugGame|HTML5
		DebugGame|Win32 = DebugGame|Win32
		DebugGame|Win64 = DebugGame|Win64
		Development Editor|HTML5 = Development Editor|HTML5
		Development Editor|Win32 = Development Editor|Win32
		Development Editor|Win64 = Development Editor|Win64
		Development|HTML5 = Development|HTML5
		Development|Win32 = Development|Win32
		Development|Win64 = Development|Win64
		Shipping|HTML5 = Shipping|HTML5
		Shipping|Win32 = Shipping|Win32
		Shipping|Win64 = Shipping|Win64
	EndGlobalSection
	GlobalSection(ProjectConfigurationPlatforms) = postSolution
		{1E644471-3910-443E-BA9E-6ABB98DB8EE2}.DebugGame Editor|HTML5.ActiveCfg = BuiltWithUnrealBuildTool|Win32
		{1E644471-3910-443E-BA9E-6ABB98DB8EE2}.DebugGame Editor|Win32.ActiveCfg = BuiltWithUnrealBuildTool|Win32
		{1E644471-3910-443E-BA9E-6ABB98DB8EE2}.DebugGame Editor|Win64.ActiveCfg = BuiltWithUnrealBuildTool|Win32
		{1E644471-3910-443E-BA9E-6ABB98DB8EE2}.DebugGame|HTML5.ActiveCfg = BuiltWithUnrealBuildTool|Win32
		{1E644471-3910-443E-BA9E-6ABB98DB8EE2}.DebugGame|Win32.ActiveCfg = BuiltWithUnrealBuildTool|Win32
		{1E644471-3910-443E-BA9E-6ABB98DB8EE2}.DebugGame|Win64.ActiveCfg = BuiltWithUnrealBuildTool|Win32
		{1E644471-3910-443E-BA9E-6ABB98DB8EE2}.Development Editor|HTML5.ActiveCfg = BuiltWithUnrealBuildTool|Win32
		{1E644471-3910-443E-BA9E-6ABB98DB8EE2}.Development Editor|Win32.ActiveCfg = BuiltWithUnrealBuildTool|Win32
		{1E644471-3910-443E-BA9E-6ABB98DB8EE2}.Development Editor|Win64.ActiveCfg = BuiltWithUnrealBuildTool|Win32
		{1E644471-3910-443E-BA9E-6ABB98DB8EE2}.Development|HTML5.ActiveCfg = BuiltWithUnrealBuildTool|Win32
		{1E644471-3910-443E-BA9E-6ABB98DB8EE2}.Development|Win32.ActiveCfg = BuiltWithUnrealBuildTool|Win32
		{1E644471-3910-443E-BA9E-6ABB98DB8EE2}.Development|Win64.ActiveCfg = BuiltWithUnrealBuildTool|Win32
		{1E644471-3910-443E-BA9E-6ABB98DB8EE2}.Shipping|HTML5.ActiveCfg = BuiltWithUnrealBuildTool|Win32
		{1E644471-3910-443E-BA9E-6ABB98DB8EE2}.Shipping|Win32.ActiveCfg = BuiltWithUnrealBuildTool|Win32
		{1E644471-3910-443E-BA9E-6ABB98DB8EE2}.Shipping|Win64.ActiveCfg = BuiltWithUnrealBuildTool|Win32
		{8B053F41-130A-4F44-9AF0-0132CEE13A51}.DebugGame Editor|HTML5.ActiveCfg = Invalid|Win32
		{8B053F41-130A-4F44-9AF0-0132CEE13A51}.DebugGame Editor|Win32.ActiveCfg = Invalid|Win32
		{8B053F41-130A-4F44-9AF0-0132CEE13A51}.DebugGame Editor|Win64.ActiveCfg = DebugGame_Editor|x64
		{8B053F41-130A-4F44-9AF0-0132CEE13A51}.DebugGame Editor|Win64.Build.0 = DebugGame_Editor|x64
		{8B053F41-130A-4F44-9AF0-0132CEE13A51}.DebugGame|HTML5.ActiveCfg = HTML5_DebugGame|Win32
		{8B053F41-130A-4F44-9AF0-0132CEE13A51}.DebugGame|HTML5.Build.0 = HTML5_DebugGame|Win32
		{8B053F41-130A-4F44-9AF0-0132CEE13A51}.DebugGame|Win32.ActiveCfg = DebugGame|Win32
		{8B053F41-130A-4F44-9AF0-0132CEE13A51}.DebugGame|Win32.Build.0 = DebugGame|Win32
		{8B053F41-130A-4F44-9AF0-0132CEE13A51}.DebugGame|Win64.ActiveCfg = DebugGame|x64
		{8B053F41-130A-4F44-9AF0-0132CEE13A51}.DebugGame|Win64.Build.0 = DebugGame|x64
		{8B053F41-130A-4F44-9AF0-0132CEE13A51}.Development Editor|HTML5.ActiveCfg = Invalid|Win32
		{8B053F41-130A-4F44-9AF0-0132CEE13A51}.Development Editor|Win32.ActiveCfg = Invalid|Win32
		{8B053F41-130A-4F44-9AF0-0132CEE13A51}.Development Editor|Win64.ActiveCfg = Development_Editor|x64
		{8B053F41-130A-4F44-9AF0-0132CEE13A51}.Development Editor|Win64.Build.0 = Development_Editor|x64
		{8B053F41-130A-4F44-9AF0-0132CEE13A51}.Development|HTML5.ActiveCfg = HTML5_Development|Win32
		{8B053F41-130A-4F44-9AF0-0132CEE13A51}.Development|HTML5.Build.0 = HTML5_Development|Win32
		{8B053F41-130A-4F44-9AF0-0132CEE13A51}.Development|Win32.ActiveCfg = Development|Win32
		{8B053F41-130A-4F44-9AF0-0132CEE13A51}.Development|Win32.Build.0 = Development|Win32
		{8B053F41-130A-4F44-9AF0-0132CEE13A51}.Development|Win64.ActiveCfg = Development|x64
		{8B053F41-130A-4F44-9AF0-0132CEE13A51}.Development|Win64.Build.0 = Development|x64
		{8B053F41-130A-4F44-9AF0-0132CEE13A51}.Shipping|HTML5.ActiveCfg = HTML5_Shipping|Win32
		{8B053F41-130A-4F44-9AF0-0132CEE13A51}.Shipping|HTML5.Build.0 = HTML5_Shipping|Win32
		{8B053F41-130A-4F44-9AF0-0132CEE13A51}.Shipping|Win32.ActiveCfg = Shipping|Win32
		{8B053F41-130A-4F44-9AF0-0132CEE13A51}.Shipping|Win32.Build.0 = Shipping|Win32
		{8B053F41-130A-4F44-9AF0-0132CEE13A51}.Shipping|Win64.ActiveCfg = Shipping|x64
		{8B053F41-130A-4F44-9AF0-0132CEE13A51}.Shipping|Win64.Build.0 = Shipping|x64
	EndGlobalSection
	GlobalSection(SolutionProperties) = preSolution
		HideSolutionNode = FALSE
	EndGlobalSection
	GlobalSection(NestedProjects) = preSolution
		{1E644471-3910-443E-BA9E-6ABB98DB8EE2} = {06BC54A0-2608-4873-BCD3-EBFF2D7F4FF3}
		{8B053F41-130A-4F44-9AF0-0132CEE13A51} = {89A75EEC-85FC-48AF-B43B-9659DA771236}
	EndGlobalSection
EndGlobal
